// !$*UTF8*$!
{
	archiveVersion = 1;
	classes = {
	};
	objectVersion = 56;
	objects = {

/* Begin PBXBuildFile section */
		14C4653C2AA1A6EE00CF0FD9 /* MorningBrewApp.swift in Sources */ = {isa = PBXBuildFile; fileRef = 14C4653B2AA1A6EE00CF0FD9 /* MorningBrewApp.swift */; };
		14C4653E2AA1A6EE00CF0FD9 /* ContentView.swift in Sources */ = {isa = PBXBuildFile; fileRef = 14C4653D2AA1A6EE00CF0FD9 /* ContentView.swift */; };
		14C465402AA1A6F000CF0FD9 /* Assets.xcassets in Resources */ = {isa = PBXBuildFile; fileRef = 14C4653F2AA1A6F000CF0FD9 /* Assets.xcassets */; };
		14C465432AA1A6F000CF0FD9 /* Preview Assets.xcassets in Resources */ = {isa = PBXBuildFile; fileRef = 14C465422AA1A6F000CF0FD9 /* Preview Assets.xcassets */; };
		14C4654A2AA1A71000CF0FD9 /* menu.json in Resources */ = {isa = PBXBuildFile; fileRef = 14C465492AA1A71000CF0FD9 /* menu.json */; };
		14C4654E2AA1A81A00CF0FD9 /* Drink.swift in Sources */ = {isa = PBXBuildFile; fileRef = 14C4654D2AA1A81A00CF0FD9 /* Drink.swift */; };
		14C465502AA1A8FA00CF0FD9 /* MenuSection.swift in Sources */ = {isa = PBXBuildFile; fileRef = 14C4654F2AA1A8FA00CF0FD9 /* MenuSection.swift */; };
		14C465522AA1A93800CF0FD9 /* Menu.swift in Sources */ = {isa = PBXBuildFile; fileRef = 14C465512AA1A93800CF0FD9 /* Menu.swift */; };
		14C465542AA1AFA400CF0FD9 /* MenuView.swift in Sources */ = {isa = PBXBuildFile; fileRef = 14C465532AA1AFA400CF0FD9 /* MenuView.swift */; };
		14C465562AA1B53800CF0FD9 /* CustomizeView.swift in Sources */ = {isa = PBXBuildFile; fileRef = 14C465552AA1B53800CF0FD9 /* CustomizeView.swift */; };
		14C465582AA1C12E00CF0FD9 /* ConfigurationOption.swift in Sources */ = {isa = PBXBuildFile; fileRef = 14C465572AA1C12E00CF0FD9 /* ConfigurationOption.swift */; };
		14C4655A2AA1E52E00CF0FD9 /* Serving.swift in Sources */ = {isa = PBXBuildFile; fileRef = 14C465592AA1E52E00CF0FD9 /* Serving.swift */; };
		14C4655C2AA1E61B00CF0FD9 /* FileManager-DocumentsDirectory.swift in Sources */ = {isa = PBXBuildFile; fileRef = 14C4655B2AA1E61B00CF0FD9 /* FileManager-DocumentsDirectory.swift */; };
		14C4655E2AA1E66B00CF0FD9 /* History.swift in Sources */ = {isa = PBXBuildFile; fileRef = 14C4655D2AA1E66B00CF0FD9 /* History.swift */; };
/* End PBXBuildFile section */

/* Begin PBXFileReference section */
		14C465382AA1A6EE00CF0FD9 /* MorningBrew.app */ = {isa = PBXFileReference; explicitFileType = wrapper.application; includeInIndex = 0; path = MorningBrew.app; sourceTree = BUILT_PRODUCTS_DIR; };
		14C4653B2AA1A6EE00CF0FD9 /* MorningBrewApp.swift */ = {isa = PBXFileReference; lastKnownFileType = sourcecode.swift; path = MorningBrewApp.swift; sourceTree = "<group>"; };
		14C4653D2AA1A6EE00CF0FD9 /* ContentView.swift */ = {isa = PBXFileReference; lastKnownFileType = sourcecode.swift; path = ContentView.swift; sourceTree = "<group>"; };
		14C4653F2AA1A6F000CF0FD9 /* Assets.xcassets */ = {isa = PBXFileReference; lastKnownFileType = folder.assetcatalog; path = Assets.xcassets; sourceTree = "<group>"; };
		14C465422AA1A6F000CF0FD9 /* Preview Assets.xcassets */ = {isa = PBXFileReference; lastKnownFileType = folder.assetcatalog; path = "Preview Assets.xcassets"; sourceTree = "<group>"; };
		14C465492AA1A71000CF0FD9 /* menu.json */ = {isa = PBXFileReference; fileEncoding = 4; lastKnownFileType = text.json; path = menu.json; sourceTree = "<group>"; };
		14C4654D2AA1A81A00CF0FD9 /* Drink.swift */ = {isa = PBXFileReference; lastKnownFileType = sourcecode.swift; path = Drink.swift; sourceTree = "<group>"; };
		14C4654F2AA1A8FA00CF0FD9 /* MenuSection.swift */ = {isa = PBXFileReference; lastKnownFileType = sourcecode.swift; path = MenuSection.swift; sourceTree = "<group>"; };
		14C465512AA1A93800CF0FD9 /* Menu.swift */ = {isa = PBXFileReference; lastKnownFileType = sourcecode.swift; path = Menu.swift; sourceTree = "<group>"; };
		14C465532AA1AFA400CF0FD9 /* MenuView.swift */ = {isa = PBXFileReference; lastKnownFileType = sourcecode.swift; path = MenuView.swift; sourceTree = "<group>"; };
		14C465552AA1B53800CF0FD9 /* CustomizeView.swift */ = {isa = PBXFileReference; lastKnownFileType = sourcecode.swift; path = CustomizeView.swift; sourceTree = "<group>"; };
		14C465572AA1C12E00CF0FD9 /* ConfigurationOption.swift */ = {isa = PBXFileReference; lastKnownFileType = sourcecode.swift; path = ConfigurationOption.swift; sourceTree = "<group>"; };
		14C465592AA1E52E00CF0FD9 /* Serving.swift */ = {isa = PBXFileReference; lastKnownFileType = sourcecode.swift; path = Serving.swift; sourceTree = "<group>"; };
		14C4655B2AA1E61B00CF0FD9 /* FileManager-DocumentsDirectory.swift */ = {isa = PBXFileReference; lastKnownFileType = sourcecode.swift; path = "FileManager-DocumentsDirectory.swift"; sourceTree = "<group>"; };
		14C4655D2AA1E66B00CF0FD9 /* History.swift */ = {isa = PBXFileReference; lastKnownFileType = sourcecode.swift; path = History.swift; sourceTree = "<group>"; };
/* End PBXFileReference section */

/* Begin PBXFrameworksBuildPhase section */
		14C465352AA1A6EE00CF0FD9 /* Frameworks */ = {
			isa = PBXFrameworksBuildPhase;
			buildActionMask = 2147483647;
			files = (
			);
			runOnlyForDeploymentPostprocessing = 0;
		};
/* End PBXFrameworksBuildPhase section */

/* Begin PBXGroup section */
		14C4652F2AA1A6EE00CF0FD9 = {
			isa = PBXGroup;
			children = (
				14C4653A2AA1A6EE00CF0FD9 /* MorningBrew */,
				14C465392AA1A6EE00CF0FD9 /* Products */,
			);
			sourceTree = "<group>";
		};
		14C465392AA1A6EE00CF0FD9 /* Products */ = {
			isa = PBXGroup;
			children = (
				14C465382AA1A6EE00CF0FD9 /* MorningBrew.app */,
			);
			name = Products;
			sourceTree = "<group>";
		};
		14C4653A2AA1A6EE00CF0FD9 /* MorningBrew */ = {
			isa = PBXGroup;
			children = (
				14C4653F2AA1A6F000CF0FD9 /* Assets.xcassets */,
				14C465572AA1C12E00CF0FD9 /* ConfigurationOption.swift */,
				14C4653D2AA1A6EE00CF0FD9 /* ContentView.swift */,
				14C465552AA1B53800CF0FD9 /* CustomizeView.swift */,
				14C4654D2AA1A81A00CF0FD9 /* Drink.swift */,
				14C4655B2AA1E61B00CF0FD9 /* FileManager-DocumentsDirectory.swift */,
				14C465492AA1A71000CF0FD9 /* menu.json */,
				14C465512AA1A93800CF0FD9 /* Menu.swift */,
				14C4654F2AA1A8FA00CF0FD9 /* MenuSection.swift */,
				14C465532AA1AFA400CF0FD9 /* MenuView.swift */,
				14C4653B2AA1A6EE00CF0FD9 /* MorningBrewApp.swift */,
				14C465412AA1A6F000CF0FD9 /* Preview Content */,
				14C465592AA1E52E00CF0FD9 /* Serving.swift */,
				14C4655D2AA1E66B00CF0FD9 /* History.swift */,
			);
			path = MorningBrew;
			sourceTree = "<group>";
		};
		14C465412AA1A6F000CF0FD9 /* Preview Content */ = {
			isa = PBXGroup;
			children = (
				14C465422AA1A6F000CF0FD9 /* Preview Assets.xcassets */,
			);
			path = "Preview Content";
			sourceTree = "<group>";
		};
/* End PBXGroup section */

/* Begin PBXNativeTarget section */
		14C465372AA1A6EE00CF0FD9 /* MorningBrew */ = {
			isa = PBXNativeTarget;
			buildConfigurationList = 14C465462AA1A6F000CF0FD9 /* Build configuration list for PBXNativeTarget "MorningBrew" */;
			buildPhases = (
				14C465342AA1A6EE00CF0FD9 /* Sources */,
				14C465352AA1A6EE00CF0FD9 /* Frameworks */,
				14C465362AA1A6EE00CF0FD9 /* Resources */,
			);
			buildRules = (
			);
			dependencies = (
			);
			name = MorningBrew;
			productName = MorningBrew;
			productReference = 14C465382AA1A6EE00CF0FD9 /* MorningBrew.app */;
			productType = "com.apple.product-type.application";
		};
/* End PBXNativeTarget section */

/* Begin PBXProject section */
		14C465302AA1A6EE00CF0FD9 /* Project object */ = {
			isa = PBXProject;
			attributes = {
				BuildIndependentTargetsInParallel = 1;
				LastSwiftUpdateCheck = 1410;
				LastUpgradeCheck = 1410;
				TargetAttributes = {
					14C465372AA1A6EE00CF0FD9 = {
						CreatedOnToolsVersion = 14.1;
					};
				};
			};
			buildConfigurationList = 14C465332AA1A6EE00CF0FD9 /* Build configuration list for PBXProject "MorningBrew" */;
			compatibilityVersion = "Xcode 14.0";
			developmentRegion = en;
			hasScannedForEncodings = 0;
			knownRegions = (
				en,
				Base,
			);
			mainGroup = 14C4652F2AA1A6EE00CF0FD9;
			productRefGroup = 14C465392AA1A6EE00CF0FD9 /* Products */;
			projectDirPath = "";
			projectRoot = "";
			targets = (
				14C465372AA1A6EE00CF0FD9 /* MorningBrew */,
			);
		};
/* End PBXProject section */

/* Begin PBXResourcesBuildPhase section */
		14C465362AA1A6EE00CF0FD9 /* Resources */ = {
			isa = PBXResourcesBuildPhase;
			buildActionMask = 2147483647;
			files = (
				14C4654A2AA1A71000CF0FD9 /* menu.json in Resources */,
				14C465432AA1A6F000CF0FD9 /* Preview Assets.xcassets in Resources */,
				14C465402AA1A6F000CF0FD9 /* Assets.xcassets in Resources */,
			);
			runOnlyForDeploymentPostprocessing = 0;
		};
/* End PBXResourcesBuildPhase section */

/* Begin PBXSourcesBuildPhase section */
		14C465342AA1A6EE00CF0FD9 /* Sources */ = {
			isa = PBXSourcesBuildPhase;
			buildActionMask = 2147483647;
			files = (
				14C4653E2AA1A6EE00CF0FD9 /* ContentView.swift in Sources */,
				14C465542AA1AFA400CF0FD9 /* MenuView.swift in Sources */,
				14C4654E2AA1A81A00CF0FD9 /* Drink.swift in Sources */,
				14C4655E2AA1E66B00CF0FD9 /* History.swift in Sources */,
				14C465502AA1A8FA00CF0FD9 /* MenuSection.swift in Sources */,
				14C4653C2AA1A6EE00CF0FD9 /* MorningBrewApp.swift in Sources */,
				14C465582AA1C12E00CF0FD9 /* ConfigurationOption.swift in Sources */,
				14C4655C2AA1E61B00CF0FD9 /* FileManager-DocumentsDirectory.swift in Sources */,
				14C465562AA1B53800CF0FD9 /* CustomizeView.swift in Sources */,
				14C465522AA1A93800CF0FD9 /* Menu.swift in Sources */,
				14C4655A2AA1E52E00CF0FD9 /* Serving.swift in Sources */,
			);
			runOnlyForDeploymentPostprocessing = 0;
		};
/* End PBXSourcesBuildPhase section */

/* Begin XCBuildConfiguration section */
		14C465442AA1A6F000CF0FD9 /* Debug */ = {
			isa = XCBuildConfiguration;
			buildSettings = {
				ALWAYS_SEARCH_USER_PATHS = NO;
				CLANG_ANALYZER_NONNULL = YES;
				CLANG_ANALYZER_NUMBER_OBJECT_CONVERSION = YES_AGGRESSIVE;
				CLANG_CXX_LANGUAGE_STANDARD = "gnu++20";
				CLANG_ENABLE_MODULES = YES;
				CLANG_ENABLE_OBJC_ARC = YES;
				CLANG_ENABLE_OBJC_WEAK = YES;
				CLANG_WARN_BLOCK_CAPTURE_AUTORELEASING = YES;
				CLANG_WARN_BOOL_CONVERSION = YES;
				CLANG_WARN_COMMA = YES;
				CLANG_WARN_CONSTANT_CONVERSION = YES;
				CLANG_WARN_DEPRECATED_OBJC_IMPLEMENTATIONS = YES;
				CLANG_WARN_DIRECT_OBJC_ISA_USAGE = YES_ERROR;
				CLANG_WARN_DOCUMENTATION_COMMENTS = YES;
				CLANG_WARN_EMPTY_BODY = YES;
				CLANG_WARN_ENUM_CONVERSION = YES;
				CLANG_WARN_INFINITE_RECURSION = YES;
				CLANG_WARN_INT_CONVERSION = YES;
				CLANG_WARN_NON_LITERAL_NULL_CONVERSION = YES;
				CLANG_WARN_OBJC_IMPLICIT_RETAIN_SELF = YES;
				CLANG_WARN_OBJC_LITERAL_CONVERSION = YES;
				CLANG_WARN_OBJC_ROOT_CLASS = YES_ERROR;
				CLANG_WARN_QUOTED_INCLUDE_IN_FRAMEWORK_HEADER = YES;
				CLANG_WARN_RANGE_LOOP_ANALYSIS = YES;
				CLANG_WARN_STRICT_PROTOTYPES = YES;
				CLANG_WARN_SUSPICIOUS_MOVE = YES;
				CLANG_WARN_UNGUARDED_AVAILABILITY = YES_AGGRESSIVE;
				CLANG_WARN_UNREACHABLE_CODE = YES;
				CLANG_WARN__DUPLICATE_METHOD_MATCH = YES;
				COPY_PHASE_STRIP = NO;
				DEBUG_INFORMATION_FORMAT = dwarf;
				ENABLE_STRICT_OBJC_MSGSEND = YES;
				ENABLE_TESTABILITY = YES;
				GCC_C_LANGUAGE_STANDARD = gnu11;
				GCC_DYNAMIC_NO_PIC = NO;
				GCC_NO_COMMON_BLOCKS = YES;
				GCC_OPTIMIZATION_LEVEL = 0;
				GCC_PREPROCESSOR_DEFINITIONS = (
					"DEBUG=1",
					"$(inherited)",
				);
				GCC_WARN_64_TO_32_BIT_CONVERSION = YES;
				GCC_WARN_ABOUT_RETURN_TYPE = YES_ERROR;
				GCC_WARN_UNDECLARED_SELECTOR = YES;
				GCC_WARN_UNINITIALIZED_AUTOS = YES_AGGRESSIVE;
				GCC_WARN_UNUSED_FUNCTION = YES;
				GCC_WARN_UNUSED_VARIABLE = YES;
				IPHONEOS_DEPLOYMENT_TARGET = 16.1;
				MTL_ENABLE_DEBUG_INFO = INCLUDE_SOURCE;
				MTL_FAST_MATH = YES;
				ONLY_ACTIVE_ARCH = YES;
				SDKROOT = iphoneos;
				SWIFT_ACTIVE_COMPILATION_CONDITIONS = DEBUG;
				SWIFT_OPTIMIZATION_LEVEL = "-Onone";
			};
			name = Debug;
		};
		14C465452AA1A6F000CF0FD9 /* Release */ = {
			isa = XCBuildConfiguration;
			buildSettings = {
				ALWAYS_SEARCH_USER_PATHS = NO;
				CLANG_ANALYZER_NONNULL = YES;
				CLANG_ANALYZER_NUMBER_OBJECT_CONVERSION = YES_AGGRESSIVE;
				CLANG_CXX_LANGUAGE_STANDARD = "gnu++20";
				CLANG_ENABLE_MODULES = YES;
				CLANG_ENABLE_OBJC_ARC = YES;
				CLANG_ENABLE_OBJC_WEAK = YES;
				CLANG_WARN_BLOCK_CAPTURE_AUTORELEASING = YES;
				CLANG_WARN_BOOL_CONVERSION = YES;
				CLANG_WARN_COMMA = YES;
				CLANG_WARN_CONSTANT_CONVERSION = YES;
				CLANG_WARN_DEPRECATED_OBJC_IMPLEMENTATIONS = YES;
				CLANG_WARN_DIRECT_OBJC_ISA_USAGE = YES_ERROR;
				CLANG_WARN_DOCUMENTATION_COMMENTS = YES;
				CLANG_WARN_EMPTY_BODY = YES;
				CLANG_WARN_ENUM_CONVERSION = YES;
				CLANG_WARN_INFINITE_RECURSION = YES;
				CLANG_WARN_INT_CONVERSION = YES;
				CLANG_WARN_NON_LITERAL_NULL_CONVERSION = YES;
				CLANG_WARN_OBJC_IMPLICIT_RETAIN_SELF = YES;
				CLANG_WARN_OBJC_LITERAL_CONVERSION = YES;
				CLANG_WARN_OBJC_ROOT_CLASS = YES_ERROR;
				CLANG_WARN_QUOTED_INCLUDE_IN_FRAMEWORK_HEADER = YES;
				CLANG_WARN_RANGE_LOOP_ANALYSIS = YES;
				CLANG_WARN_STRICT_PROTOTYPES = YES;
				CLANG_WARN_SUSPICIOUS_MOVE = YES;
				CLANG_WARN_UNGUARDED_AVAILABILITY = YES_AGGRESSIVE;
				CLANG_WARN_UNREACHABLE_CODE = YES;
				CLANG_WARN__DUPLICATE_METHOD_MATCH = YES;
				COPY_PHASE_STRIP = NO;
				DEBUG_INFORMATION_FORMAT = "dwarf-with-dsym";
				ENABLE_NS_ASSERTIONS = NO;
				ENABLE_STRICT_OBJC_MSGSEND = YES;
				GCC_C_LANGUAGE_STANDARD = gnu11;
				GCC_NO_COMMON_BLOCKS = YES;
				GCC_WARN_64_TO_32_BIT_CONVERSION = YES;
				GCC_WARN_ABOUT_RETURN_TYPE = YES_ERROR;
				GCC_WARN_UNDECLARED_SELECTOR = YES;
				GCC_WARN_UNINITIALIZED_AUTOS = YES_AGGRESSIVE;
				GCC_WARN_UNUSED_FUNCTION = YES;
				GCC_WARN_UNUSED_VARIABLE = YES;
				IPHONEOS_DEPLOYMENT_TARGET = 16.1;
				MTL_ENABLE_DEBUG_INFO = NO;
				MTL_FAST_MATH = YES;
				SDKROOT = iphoneos;
				SWIFT_COMPILATION_MODE = wholemodule;
				SWIFT_OPTIMIZATION_LEVEL = "-O";
				VALIDATE_PRODUCT = YES;
			};
			name = Release;
		};
		14C465472AA1A6F000CF0FD9 /* Debug */ = {
			isa = XCBuildConfiguration;
			buildSettings = {
				ASSETCATALOG_COMPILER_APPICON_NAME = AppIcon;
				ASSETCATALOG_COMPILER_GLOBAL_ACCENT_COLOR_NAME = AccentColor;
				CODE_SIGN_STYLE = Automatic;
				CURRENT_PROJECT_VERSION = 1;
				DEVELOPMENT_ASSET_PATHS = "\"MorningBrew/Preview Content\"";
				DEVELOPMENT_TEAM = GD6Y73A3Q4;
				ENABLE_PREVIEWS = YES;
				GENERATE_INFOPLIST_FILE = YES;
				INFOPLIST_KEY_UIApplicationSceneManifest_Generation = YES;
				INFOPLIST_KEY_UIApplicationSupportsIndirectInputEvents = YES;
				INFOPLIST_KEY_UILaunchScreen_Generation = YES;
				INFOPLIST_KEY_UISupportedInterfaceOrientations_iPad = "UIInterfaceOrientationPortrait UIInterfaceOrientationPortraitUpsideDown UIInterfaceOrientationLandscapeLeft UIInterfaceOrientationLandscapeRight";
				INFOPLIST_KEY_UISupportedInterfaceOrientations_iPhone = "UIInterfaceOrientationPortrait UIInterfaceOrientationLandscapeLeft UIInterfaceOrientationLandscapeRight";
				LD_RUNPATH_SEARCH_PATHS = (
					"$(inherited)",
					"@executable_path/Frameworks",
				);
				MARKETING_VERSION = 1.0;
				PRODUCT_BUNDLE_IDENTIFIER = Sarthak.com.MorningBrew;
				PRODUCT_NAME = "$(TARGET_NAME)";
				SWIFT_EMIT_LOC_STRINGS = YES;
				SWIFT_VERSION = 5.0;
				TARGETED_DEVICE_FAMILY = "1,2";
			};
			name = Debug;
		};
		14C465482AA1A6F000CF0FD9 /* Release */ = {
			isa = XCBuildConfiguration;
			buildSettings = {
				ASSETCATALOG_COMPILER_APPICON_NAME = AppIcon;
				ASSETCATALOG_COMPILER_GLOBAL_ACCENT_COLOR_NAME = AccentColor;
				CODE_SIGN_STYLE = Automatic;
				CURRENT_PROJECT_VERSION = 1;
				DEVELOPMENT_ASSET_PATHS = "\"MorningBrew/Preview Content\"";
				DEVELOPMENT_TEAM = GD6Y73A3Q4;
				ENABLE_PREVIEWS = YES;
				GENERATE_INFOPLIST_FILE = YES;
				INFOPLIST_KEY_UIApplicationSceneManifest_Generation = YES;
				INFOPLIST_KEY_UIApplicationSupportsIndirectInputEvents = YES;
				INFOPLIST_KEY_UILaunchScreen_Generation = YES;
				INFOPLIST_KEY_UISupportedInterfaceOrientations_iPad = "UIInterfaceOrientationPortrait UIInterfaceOrientationPortraitUpsideDown UIInterfaceOrientationLandscapeLeft UIInterfaceOrientationLandscapeRight";
				INFOPLIST_KEY_UISupportedInterfaceOrientations_iPhone = "UIInterfaceOrientationPortrait UIInterfaceOrientationLandscapeLeft UIInterfaceOrientationLandscapeRight";
				LD_RUNPATH_SEARCH_PATHS = (
					"$(inherited)",
					"@executable_path/Frameworks",
				);
				MARKETING_VERSION = 1.0;
				PRODUCT_BUNDLE_IDENTIFIER = Sarthak.com.MorningBrew;
				PRODUCT_NAME = "$(TARGET_NAME)";
				SWIFT_EMIT_LOC_STRINGS = YES;
				SWIFT_VERSION = 5.0;
				TARGETED_DEVICE_FAMILY = "1,2";
			};
			name = Release;
		};
/* End XCBuildConfiguration section */

/* Begin XCConfigurationList section */
		14C465332AA1A6EE00CF0FD9 /* Build configuration list for PBXProject "MorningBrew" */ = {
			isa = XCConfigurationList;
			buildConfigurations = (
				14C465442AA1A6F000CF0FD9 /* Debug */,
				14C465452AA1A6F000CF0FD9 /* Release */,
			);
			defaultConfigurationIsVisible = 0;
			defaultConfigurationName = Release;
		};
		14C465462AA1A6F000CF0FD9 /* Build configuration list for PBXNativeTarget "MorningBrew" */ = {
			isa = XCConfigurationList;
			buildConfigurations = (
				14C465472AA1A6F000CF0FD9 /* Debug */,
				14C465482AA1A6F000CF0FD9 /* Release */,
			);
			defaultConfigurationIsVisible = 0;
			defaultConfigurationName = Release;
		};
/* End XCConfigurationList section */
	};
	rootObject = 14C465302AA1A6EE00CF0FD9 /* Project object */;
}
